{
  "name": "luban-codex-sidecar",
  "lockfileVersion": 3,
  "requires": true,
  "packages": {
    "": {
      "name": "luban-codex-sidecar",
      "dependencies": {
        "@openai/codex-sdk": "^0.77.0"
      },
      "engines": {
        "node": ">=18"
      }
    },
    "node_modules/@openai/codex-sdk": {
      "version": "0.77.0",
      "resolved": "https://registry.npmjs.org/@openai/codex-sdk/-/codex-sdk-0.77.0.tgz",
      "integrity": "sha512-bvJQ4dASnZ7jgfxmseViQwdRupHxs0TwHSZFeYB0gpdOAXnWwDWdGJRCMyphLSHwExRp27JNOk7EBFVmZRBanQ==",
      "license": "Apache-2.0",
      "engines": {
        "node": ">=18"
      }
    }
  }
}

